// !$*UTF8*$!
{
	archiveVersion = 1;
	classes = {
	};
	objectVersion = 46;
	objects = {

/* Begin PBXBuildFile section */
		32A05B5718D5F2B5000725E9 /* Foundation.framework in Frameworks */ = {isa = PBXBuildFile; fileRef = 32A05B5618D5F2B5000725E9 /* Foundation.framework */; };
		32A05B5918D5F2B5000725E9 /* CoreGraphics.framework in Frameworks */ = {isa = PBXBuildFile; fileRef = 32A05B5818D5F2B5000725E9 /* CoreGraphics.framework */; };
		32A05B5B18D5F2B5000725E9 /* UIKit.framework in Frameworks */ = {isa = PBXBuildFile; fileRef = 32A05B5A18D5F2B5000725E9 /* UIKit.framework */; };
		32A05B6118D5F2B5000725E9 /* InfoPlist.strings in Resources */ = {isa = PBXBuildFile; fileRef = 32A05B5F18D5F2B5000725E9 /* InfoPlist.strings */; };
		32A05B6318D5F2B5000725E9 /* main.m in Sources */ = {isa = PBXBuildFile; fileRef = 32A05B6218D5F2B5000725E9 /* main.m */; };
		32A05B6718D5F2B5000725E9 /* AppDelegate.m in Sources */ = {isa = PBXBuildFile; fileRef = 32A05B6618D5F2B5000725E9 /* AppDelegate.m */; };
		32A05B6A18D5F2B5000725E9 /* Main_iPhone.storyboard in Resources */ = {isa = PBXBuildFile; fileRef = 32A05B6818D5F2B5000725E9 /* Main_iPhone.storyboard */; };
		32A05B6D18D5F2B5000725E9 /* Main_iPad.storyboard in Resources */ = {isa = PBXBuildFile; fileRef = 32A05B6B18D5F2B5000725E9 /* Main_iPad.storyboard */; };
		32A05B7018D5F2B5000725E9 /* MasterViewController.m in Sources */ = {isa = PBXBuildFile; fileRef = 32A05B6F18D5F2B5000725E9 /* MasterViewController.m */; };
		32A05B7318D5F2B5000725E9 /* DetailViewController.m in Sources */ = {isa = PBXBuildFile; fileRef = 32A05B7218D5F2B5000725E9 /* DetailViewController.m */; };
		32A05B7518D5F2B5000725E9 /* Images.xcassets in Resources */ = {isa = PBXBuildFile; fileRef = 32A05B7418D5F2B5000725E9 /* Images.xcassets */; };
		32A05B7C18D5F2B5000725E9 /* XCTest.framework in Frameworks */ = {isa = PBXBuildFile; fileRef = 32A05B7B18D5F2B5000725E9 /* XCTest.framework */; };
		32A05B7D18D5F2B5000725E9 /* Foundation.framework in Frameworks */ = {isa = PBXBuildFile; fileRef = 32A05B5618D5F2B5000725E9 /* Foundation.framework */; };
		32A05B7E18D5F2B5000725E9 /* UIKit.framework in Frameworks */ = {isa = PBXBuildFile; fileRef = 32A05B5A18D5F2B5000725E9 /* UIKit.framework */; };
		32A05B8618D5F2B5000725E9 /* InfoPlist.strings in Resources */ = {isa = PBXBuildFile; fileRef = 32A05B8418D5F2B5000725E9 /* InfoPlist.strings */; };
		32A05B8818D5F2B5000725E9 /* AutoSizeTableCellTests.m in Sources */ = {isa = PBXBuildFile; fileRef = 32A05B8718D5F2B5000725E9 /* AutoSizeTableCellTests.m */; };
/* End PBXBuildFile section */

/* Begin PBXContainerItemProxy section */
		32A05B7F18D5F2B5000725E9 /* PBXContainerItemProxy */ = {
			isa = PBXContainerItemProxy;
			containerPortal = 32A05B4B18D5F2B5000725E9 /* Project object */;
			proxyType = 1;
			remoteGlobalIDString = 32A05B5218D5F2B5000725E9;
			remoteInfo = AutoSizeTableCell;
		};
/* End PBXContainerItemProxy section */

/* Begin PBXFileReference section */
		32A05B5318D5F2B5000725E9 /* AutoSizeTableCell.app */ = {isa = PBXFileReference; explicitFileType = wrapper.application; includeInIndex = 0; path = AutoSizeTableCell.app; sourceTree = BUILT_PRODUCTS_DIR; };
		32A05B5618D5F2B5000725E9 /* Foundation.framework */ = {isa = PBXFileReference; lastKnownFileType = wrapper.framework; name = Foundation.framework; path = System/Library/Frameworks/Foundation.framework; sourceTree = SDKROOT; };
		32A05B5818D5F2B5000725E9 /* CoreGraphics.framework */ = {isa = PBXFileReference; lastKnownFileType = wrapper.framework; name = CoreGraphics.framework; path = System/Library/Frameworks/CoreGraphics.framework; sourceTree = SDKROOT; };
		32A05B5A18D5F2B5000725E9 /* UIKit.framework */ = {isa = PBXFileReference; lastKnownFileType = wrapper.framework; name = UIKit.framework; path = System/Library/Frameworks/UIKit.framework; sourceTree = SDKROOT; };
		32A05B5E18D5F2B5000725E9 /* AutoSizeTableCell-Info.plist */ = {isa = PBXFileReference; lastKnownFileType = text.plist.xml; path = "AutoSizeTableCell-Info.plist"; sourceTree = "<group>"; };
		32A05B6018D5F2B5000725E9 /* en */ = {isa = PBXFileReference; lastKnownFileType = text.plist.strings; name = en; path = en.lproj/InfoPlist.strings; sourceTree = "<group>"; };
		32A05B6218D5F2B5000725E9 /* main.m */ = {isa = PBXFileReference; lastKnownFileType = sourcecode.c.objc; path = main.m; sourceTree = "<group>"; };
		32A05B6418D5F2B5000725E9 /* AutoSizeTableCell-Prefix.pch */ = {isa = PBXFileReference; lastKnownFileType = sourcecode.c.h; path = "AutoSizeTableCell-Prefix.pch"; sourceTree = "<group>"; };
		32A05B6518D5F2B5000725E9 /* AppDelegate.h */ = {isa = PBXFileReference; lastKnownFileType = sourcecode.c.h; path = AppDelegate.h; sourceTree = "<group>"; };
		32A05B6618D5F2B5000725E9 /* AppDelegate.m */ = {isa = PBXFileReference; lastKnownFileType = sourcecode.c.objc; path = AppDelegate.m; sourceTree = "<group>"; };
		32A05B6918D5F2B5000725E9 /* Base */ = {isa = PBXFileReference; lastKnownFileType = file.storyboard; name = Base; path = Base.lproj/Main_iPhone.storyboard; sourceTree = "<group>"; };
		32A05B6C18D5F2B5000725E9 /* Base */ = {isa = PBXFileReference; lastKnownFileType = file.storyboard; name = Base; path = Base.lproj/Main_iPad.storyboard; sourceTree = "<group>"; };
		32A05B6E18D5F2B5000725E9 /* MasterViewController.h */ = {isa = PBXFileReference; lastKnownFileType = sourcecode.c.h; path = MasterViewController.h; sourceTree = "<group>"; };
		32A05B6F18D5F2B5000725E9 /* MasterViewController.m */ = {isa = PBXFileReference; lastKnownFileType = sourcecode.c.objc; path = MasterViewController.m; sourceTree = "<group>"; };
		32A05B7118D5F2B5000725E9 /* DetailViewController.h */ = {isa = PBXFileReference; lastKnownFileType = sourcecode.c.h; path = DetailViewController.h; sourceTree = "<group>"; };
		32A05B7218D5F2B5000725E9 /* DetailViewController.m */ = {isa = PBXFileReference; lastKnownFileType = sourcecode.c.objc; path = DetailViewController.m; sourceTree = "<group>"; };
		32A05B7418D5F2B5000725E9 /* Images.xcassets */ = {isa = PBXFileReference; lastKnownFileType = folder.assetcatalog; path = Images.xcassets; sourceTree = "<group>"; };
		32A05B7A18D5F2B5000725E9 /* AutoSizeTableCellTests.xctest */ = {isa = PBXFileReference; explicitFileType = wrapper.cfbundle; includeInIndex = 0; path = AutoSizeTableCellTests.xctest; sourceTree = BUILT_PRODUCTS_DIR; };
		32A05B7B18D5F2B5000725E9 /* XCTest.framework */ = {isa = PBXFileReference; lastKnownFileType = wrapper.framework; name = XCTest.framework; path = Library/Frameworks/XCTest.framework; sourceTree = DEVELOPER_DIR; };
		32A05B8318D5F2B5000725E9 /* AutoSizeTableCellTests-Info.plist */ = {isa = PBXFileReference; lastKnownFileType = text.plist.xml; path = "AutoSizeTableCellTests-Info.plist"; sourceTree = "<group>"; };
		32A05B8518D5F2B5000725E9 /* en */ = {isa = PBXFileReference; lastKnownFileType = text.plist.strings; name = en; path = en.lproj/InfoPlist.strings; sourceTree = "<group>"; };
		32A05B8718D5F2B5000725E9 /* AutoSizeTableCellTests.m */ = {isa = PBXFileReference; lastKnownFileType = sourcecode.c.objc; path = AutoSizeTableCellTests.m; sourceTree = "<group>"; };
/* End PBXFileReference section */

/* Begin PBXFrameworksBuildPhase section */
		32A05B5018D5F2B5000725E9 /* Frameworks */ = {
			isa = PBXFrameworksBuildPhase;
			buildActionMask = 2147483647;
			files = (
				32A05B5918D5F2B5000725E9 /* CoreGraphics.framework in Frameworks */,
				32A05B5B18D5F2B5000725E9 /* UIKit.framework in Frameworks */,
				32A05B5718D5F2B5000725E9 /* Foundation.framework in Frameworks */,
			);
			runOnlyForDeploymentPostprocessing = 0;
		};
		32A05B7718D5F2B5000725E9 /* Frameworks */ = {
			isa = PBXFrameworksBuildPhase;
			buildActionMask = 2147483647;
			files = (
				32A05B7C18D5F2B5000725E9 /* XCTest.framework in Frameworks */,
				32A05B7E18D5F2B5000725E9 /* UIKit.framework in Frameworks */,
				32A05B7D18D5F2B5000725E9 /* Foundation.framework in Frameworks */,
			);
			runOnlyForDeploymentPostprocessing = 0;
		};
/* End PBXFrameworksBuildPhase section */

/* Begin PBXGroup section */
		32A05B4A18D5F2B5000725E9 = {
			isa = PBXGroup;
			children = (
				32A05B5C18D5F2B5000725E9 /* AutoSizeTableCell */,
				32A05B8118D5F2B5000725E9 /* AutoSizeTableCellTests */,
				32A05B5518D5F2B5000725E9 /* Frameworks */,
				32A05B5418D5F2B5000725E9 /* Products */,
			);
			sourceTree = "<group>";
		};
		32A05B5418D5F2B5000725E9 /* Products */ = {
			isa = PBXGroup;
			children = (
				32A05B5318D5F2B5000725E9 /* AutoSizeTableCell.app */,
				32A05B7A18D5F2B5000725E9 /* AutoSizeTableCellTests.xctest */,
			);
			name = Products;
			sourceTree = "<group>";
		};
		32A05B5518D5F2B5000725E9 /* Frameworks */ = {
			isa = PBXGroup;
			children = (
				32A05B5618D5F2B5000725E9 /* Foundation.framework */,
				32A05B5818D5F2B5000725E9 /* CoreGraphics.framework */,
				32A05B5A18D5F2B5000725E9 /* UIKit.framework */,
				32A05B7B18D5F2B5000725E9 /* XCTest.framework */,
			);
			name = Frameworks;
			sourceTree = "<group>";
		};
		32A05B5C18D5F2B5000725E9 /* AutoSizeTableCell */ = {
			isa = PBXGroup;
			children = (
				32A05B6518D5F2B5000725E9 /* AppDelegate.h */,
				32A05B6618D5F2B5000725E9 /* AppDelegate.m */,
				32A05B6818D5F2B5000725E9 /* Main_iPhone.storyboard */,
				32A05B6B18D5F2B5000725E9 /* Main_iPad.storyboard */,
				32A05B6E18D5F2B5000725E9 /* MasterViewController.h */,
				32A05B6F18D5F2B5000725E9 /* MasterViewController.m */,
				32A05B7118D5F2B5000725E9 /* DetailViewController.h */,
				32A05B7218D5F2B5000725E9 /* DetailViewController.m */,
				32A05B7418D5F2B5000725E9 /* Images.xcassets */,
				32A05B5D18D5F2B5000725E9 /* Supporting Files */,
			);
			path = AutoSizeTableCell;
			sourceTree = "<group>";
		};
		32A05B5D18D5F2B5000725E9 /* Supporting Files */ = {
			isa = PBXGroup;
			children = (
				32A05B5E18D5F2B5000725E9 /* AutoSizeTableCell-Info.plist */,
				32A05B5F18D5F2B5000725E9 /* InfoPlist.strings */,
				32A05B6218D5F2B5000725E9 /* main.m */,
				32A05B6418D5F2B5000725E9 /* AutoSizeTableCell-Prefix.pch */,
			);
			name = "Supporting Files";
			sourceTree = "<group>";
		};
		32A05B8118D5F2B5000725E9 /* AutoSizeTableCellTests */ = {
			isa = PBXGroup;
			children = (
				32A05B8718D5F2B5000725E9 /* AutoSizeTableCellTests.m */,
				32A05B8218D5F2B5000725E9 /* Supporting Files */,
			);
			path = AutoSizeTableCellTests;
			sourceTree = "<group>";
		};
		32A05B8218D5F2B5000725E9 /* Supporting Files */ = {
			isa = PBXGroup;
			children = (
				32A05B8318D5F2B5000725E9 /* AutoSizeTableCellTests-Info.plist */,
				32A05B8418D5F2B5000725E9 /* InfoPlist.strings */,
			);
			name = "Supporting Files";
			sourceTree = "<group>";
		};
/* End PBXGroup section */

/* Begin PBXNativeTarget section */
		32A05B5218D5F2B5000725E9 /* AutoSizeTableCell */ = {
			isa = PBXNativeTarget;
			buildConfigurationList = 32A05B8B18D5F2B5000725E9 /* Build configuration list for PBXNativeTarget "AutoSizeTableCell" */;
			buildPhases = (
				32A05B4F18D5F2B5000725E9 /* Sources */,
				32A05B5018D5F2B5000725E9 /* Frameworks */,
				32A05B5118D5F2B5000725E9 /* Resources */,
			);
			buildRules = (
			);
			dependencies = (
			);
			name = AutoSizeTableCell;
			productName = AutoSizeTableCell;
			productReference = 32A05B5318D5F2B5000725E9 /* AutoSizeTableCell.app */;
			productType = "com.apple.product-type.application";
		};
		32A05B7918D5F2B5000725E9 /* AutoSizeTableCellTests */ = {
			isa = PBXNativeTarget;
			buildConfigurationList = 32A05B8E18D5F2B5000725E9 /* Build configuration list for PBXNativeTarget "AutoSizeTableCellTests" */;
			buildPhases = (
				32A05B7618D5F2B5000725E9 /* Sources */,
				32A05B7718D5F2B5000725E9 /* Frameworks */,
				32A05B7818D5F2B5000725E9 /* Resources */,
			);
			buildRules = (
			);
			dependencies = (
				32A05B8018D5F2B5000725E9 /* PBXTargetDependency */,
			);
			name = AutoSizeTableCellTests;
			productName = AutoSizeTableCellTests;
			productReference = 32A05B7A18D5F2B5000725E9 /* AutoSizeTableCellTests.xctest */;
			productType = "com.apple.product-type.bundle.unit-test";
		};
/* End PBXNativeTarget section */

/* Begin PBXProject section */
		32A05B4B18D5F2B5000725E9 /* Project object */ = {
			isa = PBXProject;
			attributes = {
				LastUpgradeCheck = 0510;
				ORGANIZATIONNAME = AppTakk;
				TargetAttributes = {
					32A05B7918D5F2B5000725E9 = {
						TestTargetID = 32A05B5218D5F2B5000725E9;
					};
				};
			};
			buildConfigurationList = 32A05B4E18D5F2B5000725E9 /* Build configuration list for PBXProject "AutoSizeTableCell" */;
			compatibilityVersion = "Xcode 3.2";
			developmentRegion = English;
			hasScannedForEncodings = 0;
			knownRegions = (
				en,
				Base,
			);
			mainGroup = 32A05B4A18D5F2B5000725E9;
			productRefGroup = 32A05B5418D5F2B5000725E9 /* Products */;
			projectDirPath = "";
			projectRoot = "";
			targets = (
				32A05B5218D5F2B5000725E9 /* AutoSizeTableCell */,
				32A05B7918D5F2B5000725E9 /* AutoSizeTableCellTests */,
			);
		};
/* End PBXProject section */

/* Begin PBXResourcesBuildPhase section */
		32A05B5118D5F2B5000725E9 /* Resources */ = {
			isa = PBXResourcesBuildPhase;
			buildActionMask = 2147483647;
			files = (
				32A05B6D18D5F2B5000725E9 /* Main_iPad.storyboard in Resources */,
				32A05B7518D5F2B5000725E9 /* Images.xcassets in Resources */,
				32A05B6A18D5F2B5000725E9 /* Main_iPhone.storyboard in Resources */,
				32A05B6118D5F2B5000725E9 /* InfoPlist.strings in Resources */,
			);
			runOnlyForDeploymentPostprocessing = 0;
		};
		32A05B7818D5F2B5000725E9 /* Resources */ = {
			isa = PBXResourcesBuildPhase;
			buildActionMask = 2147483647;
			files = (
				32A05B8618D5F2B5000725E9 /* InfoPlist.strings in Resources */,
			);
			runOnlyForDeploymentPostprocessing = 0;
		};
/* End PBXResourcesBuildPhase section */

/* Begin PBXSourcesBuildPhase section */
		32A05B4F18D5F2B5000725E9 /* Sources */ = {
			isa = PBXSourcesBuildPhase;
			buildActionMask = 2147483647;
			files = (
				32A05B6718D5F2B5000725E9 /* AppDelegate.m in Sources */,
				32A05B7018D5F2B5000725E9 /* MasterViewController.m in Sources */,
				32A05B6318D5F2B5000725E9 /* main.m in Sources */,
				32A05B7318D5F2B5000725E9 /* DetailViewController.m in Sources */,
			);
			runOnlyForDeploymentPostprocessing = 0;
		};
		32A05B7618D5F2B5000725E9 /* Sources */ = {
			isa = PBXSourcesBuildPhase;
			buildActionMask = 2147483647;
			files = (
				32A05B8818D5F2B5000725E9 /* AutoSizeTableCellTests.m in Sources */,
			);
			runOnlyForDeploymentPostprocessing = 0;
		};
/* End PBXSourcesBuildPhase section */

/* Begin PBXTargetDependency section */
		32A05B8018D5F2B5000725E9 /* PBXTargetDependency */ = {
			isa = PBXTargetDependency;
			target = 32A05B5218D5F2B5000725E9 /* AutoSizeTableCell */;
			targetProxy = 32A05B7F18D5F2B5000725E9 /* PBXContainerItemProxy */;
		};
/* End PBXTargetDependency section */

/* Begin PBXVariantGroup section */
		32A05B5F18D5F2B5000725E9 /* InfoPlist.strings */ = {
			isa = PBXVariantGroup;
			children = (
				32A05B6018D5F2B5000725E9 /* en */,
			);
			name = InfoPlist.strings;
			sourceTree = "<group>";
		};
		32A05B6818D5F2B5000725E9 /* Main_iPhone.storyboard */ = {
			isa = PBXVariantGroup;
			children = (
				32A05B6918D5F2B5000725E9 /* Base */,
			);
			name = Main_iPhone.storyboard;
			sourceTree = "<group>";
		};
		32A05B6B18D5F2B5000725E9 /* Main_iPad.storyboard */ = {
			isa = PBXVariantGroup;
			children = (
				32A05B6C18D5F2B5000725E9 /* Base */,
			);
			name = Main_iPad.storyboard;
			sourceTree = "<group>";
		};
		32A05B8418D5F2B5000725E9 /* InfoPlist.strings */ = {
			isa = PBXVariantGroup;
			children = (
				32A05B8518D5F2B5000725E9 /* en */,
			);
			name = InfoPlist.strings;
			sourceTree = "<group>";
		};
/* End PBXVariantGroup section */

/* Begin XCBuildConfiguration section */
		32A05B8918D5F2B5000725E9 /* Debug */ = {
			isa = XCBuildConfiguration;
			buildSettings = {
				ALWAYS_SEARCH_USER_PATHS = NO;
				CLANG_CXX_LANGUAGE_STANDARD = "gnu++0x";
				CLANG_CXX_LIBRARY = "libc++";
				CLANG_ENABLE_MODULES = YES;
				CLANG_ENABLE_OBJC_ARC = YES;
				CLANG_WARN_BOOL_CONVERSION = YES;
				CLANG_WARN_CONSTANT_CONVERSION = YES;
				CLANG_WARN_DIRECT_OBJC_ISA_USAGE = YES_ERROR;
				CLANG_WARN_EMPTY_BODY = YES;
				CLANG_WARN_ENUM_CONVERSION = YES;
				CLANG_WARN_INT_CONVERSION = YES;
				CLANG_WARN_OBJC_ROOT_CLASS = YES_ERROR;
				CLANG_WARN__DUPLICATE_METHOD_MATCH = YES;
				"CODE_SIGN_IDENTITY[sdk=iphoneos*]" = "iPhone Developer";
				COPY_PHASE_STRIP = NO;
				GCC_C_LANGUAGE_STANDARD = gnu99;
				GCC_DYNAMIC_NO_PIC = NO;
				GCC_OPTIMIZATION_LEVEL = 0;
				GCC_PREPROCESSOR_DEFINITIONS = (
					"DEBUG=1",
					"$(inherited)",
				);
				GCC_SYMBOLS_PRIVATE_EXTERN = NO;
				GCC_WARN_64_TO_32_BIT_CONVERSION = YES;
				GCC_WARN_ABOUT_RETURN_TYPE = YES_ERROR;
				GCC_WARN_UNDECLARED_SELECTOR = YES;
				GCC_WARN_UNINITIALIZED_AUTOS = YES_AGGRESSIVE;
				GCC_WARN_UNUSED_FUNCTION = YES;
				GCC_WARN_UNUSED_VARIABLE = YES;
				IPHONEOS_DEPLOYMENT_TARGET = 7.1;
				ONLY_ACTIVE_ARCH = YES;
				SDKROOT = iphoneos;
				TARGETED_DEVICE_FAMILY = "1,2";
			};
			name = Debug;
		};
		32A05B8A18D5F2B5000725E9 /* Release */ = {
			isa = XCBuildConfiguration;
			buildSettings = {
				ALWAYS_SEARCH_USER_PATHS = NO;
				CLANG_CXX_LANGUAGE_STANDARD = "gnu++0x";
				CLANG_CXX_LIBRARY = "libc++";
				CLANG_ENABLE_MODULES = YES;
				CLANG_ENABLE_OBJC_ARC = YES;
				CLANG_WARN_BOOL_CONVERSION = YES;
				CLANG_WARN_CONSTANT_CONVERSION = YES;
				CLANG_WARN_DIRECT_OBJC_ISA_USAGE = YES_ERROR;
				CLANG_WARN_EMPTY_BODY = YES;
				CLANG_WARN_ENUM_CONVERSION = YES;
				CLANG_WARN_INT_CONVERSION = YES;
				CLANG_WARN_OBJC_ROOT_CLASS = YES_ERROR;
				CLANG_WARN__DUPLICATE_METHOD_MATCH = YES;
				"CODE_SIGN_IDENTITY[sdk=iphoneos*]" = "iPhone Developer";
				COPY_PHASE_STRIP = YES;
				ENABLE_NS_ASSERTIONS = NO;
				GCC_C_LANGUAGE_STANDARD = gnu99;
				GCC_WARN_64_TO_32_BIT_CONVERSION = YES;
				GCC_WARN_ABOUT_RETURN_TYPE = YES_ERROR;
				GCC_WARN_UNDECLARED_SELECTOR = YES;
				GCC_WARN_UNINITIALIZED_AUTOS = YES_AGGRESSIVE;
				GCC_WARN_UNUSED_FUNCTION = YES;
				GCC_WARN_UNUSED_VARIABLE = YES;
				IPHONEOS_DEPLOYMENT_TARGET = 7.1;
				SDKROOT = iphoneos;
				TARGETED_DEVICE_FAMILY = "1,2";
				VALIDATE_PRODUCT = YES;
			};
			name = Release;
		};
		32A05B8C18D5F2B5000725E9 /* Debug */ = {
			isa = XCBuildConfiguration;
			buildSettings = {
				ASSETCATALOG_COMPILER_APPICON_NAME = AppIcon;
				ASSETCATALOG_COMPILER_LAUNCHIMAGE_NAME = LaunchImage;
				GCC_PRECOMPILE_PREFIX_HEADER = YES;
				GCC_PREFIX_HEADER = "AutoSizeTableCell/AutoSizeTableCell-Prefix.pch";
				INFOPLIST_FILE = "AutoSizeTableCell/AutoSizeTableCell-Info.plist";
				PRODUCT_NAME = "$(TARGET_NAME)";
				WRAPPER_EXTENSION = app;
			};
			name = Debug;
		};
		32A05B8D18D5F2B5000725E9 /* Release */ = {
			isa = XCBuildConfiguration;
			buildSettings = {
				ASSETCATALOG_COMPILER_APPICON_NAME = AppIcon;
				ASSETCATALOG_COMPILER_LAUNCHIMAGE_NAME = LaunchImage;
				GCC_PRECOMPILE_PREFIX_HEADER = YES;
				GCC_PREFIX_HEADER = "AutoSizeTableCell/AutoSizeTableCell-Prefix.pch";
				INFOPLIST_FILE = "AutoSizeTableCell/AutoSizeTableCell-Info.plist";
				PRODUCT_NAME = "$(TARGET_NAME)";
				WRAPPER_EXTENSION = app;
			};
			name = Release;
		};
		32A05B8F18D5F2B5000725E9 /* Debug */ = {
			isa = XCBuildConfiguration;
			buildSettings = {
				BUNDLE_LOADER = "$(BUILT_PRODUCTS_DIR)/AutoSizeTableCell.app/AutoSizeTableCell";
				FRAMEWORK_SEARCH_PATHS = (
					"$(SDKROOT)/Developer/Library/Frameworks",
					"$(inherited)",
					"$(DEVELOPER_FRAMEWORKS_DIR)",
				);
				GCC_PRECOMPILE_PREFIX_HEADER = YES;
				GCC_PREFIX_HEADER = "AutoSizeTableCell/AutoSizeTableCell-Prefix.pch";
				GCC_PREPROCESSOR_DEFINITIONS = (
					"DEBUG=1",
					"$(inherited)",
				);
				INFOPLIST_FILE = "AutoSizeTableCellTests/AutoSizeTableCellTests-Info.plist";
				PRODUCT_NAME = "$(TARGET_NAME)";
				TEST_HOST = "$(BUNDLE_LOADER)";
				WRAPPER_EXTENSION = xctest;
			};
			name = Debug;
		};
		32A05B9018D5F2B5000725E9 /* Release */ = {
			isa = XCBuildConfiguration;
			buildSettings = {
				BUNDLE_LOADER = "$(BUILT_PRODUCTS_DIR)/AutoSizeTableCell.app/AutoSizeTableCell";
				FRAMEWORK_SEARCH_PATHS = (
					"$(SDKROOT)/Developer/Library/Frameworks",
					"$(inherited)",
					"$(DEVELOPER_FRAMEWORKS_DIR)",
				);
				GCC_PRECOMPILE_PREFIX_HEADER = YES;
				GCC_PREFIX_HEADER = "AutoSizeTableCell/AutoSizeTableCell-Prefix.pch";
				INFOPLIST_FILE = "AutoSizeTableCellTests/AutoSizeTableCellTests-Info.plist";
				PRODUCT_NAME = "$(TARGET_NAME)";
				TEST_HOST = "$(BUNDLE_LOADER)";
				WRAPPER_EXTENSION = xctest;
			};
			name = Release;
		};
/* End XCBuildConfiguration section */

/* Begin XCConfigurationList section */
		32A05B4E18D5F2B5000725E9 /* Build configuration list for PBXProject "AutoSizeTableCell" */ = {
			isa = XCConfigurationList;
			buildConfigurations = (
				32A05B8918D5F2B5000725E9 /* Debug */,
				32A05B8A18D5F2B5000725E9 /* Release */,
			);
			defaultConfigurationIsVisible = 0;
			defaultConfigurationName = Release;
		};
		32A05B8B18D5F2B5000725E9 /* Build configuration list for PBXNativeTarget "AutoSizeTableCell" */ = {
			isa = XCConfigurationList;
			buildConfigurations = (
				32A05B8C18D5F2B5000725E9 /* Debug */,
				32A05B8D18D5F2B5000725E9 /* Release */,
			);
			defaultConfigurationIsVisible = 0;
		};
		32A05B8E18D5F2B5000725E9 /* Build configuration list for PBXNativeTarget "AutoSizeTableCellTests" */ = {
			isa = XCConfigurationList;
			buildConfigurations = (
				32A05B8F18D5F2B5000725E9 /* Debug */,
				32A05B9018D5F2B5000725E9 /* Release */,
			);
			defaultConfigurationIsVisible = 0;
		};
/* End XCConfigurationList section */
	};
	rootObject = 32A05B4B18D5F2B5000725E9 /* Project object */;
}
